{
  "name": "rate-limit-tester",
  "version": "1.0.0",
  "lockfileVersion": 3,
  "requires": true,
  "packages": {
    "": {
      "name": "rate-limit-tester",
      "version": "1.0.0",
      "devDependencies": {
        "@types/k6": "^2.0.0",
        "prettier": "^3.1.0",
        "typescript": "^6.0.2"
      }
    },
    "node_modules/@types/k6": {
      "version": "2.3.0",
      "resolved": "https://registry.npmjs.org/@types/k6/-/k6-2.3.0.tgz",
      "integrity": "sha512-kEiRQx9MRQZ0vAwWgZUyYvuEc1JC++OZbH9uHVLsSOIKFLwHz8UeIV1EuIlB4Fqn03A4ZM+E624zVsvQPAAp6Q==",
      "dev": true,
      "license": "MIT"
    },
    "node_modules/prettier": {
      "version": "3.9.9",
      "resolved": "https://registry.npmjs.org/prettier/-/prettier-3.9.9.tgz",
      "integrity": "sha512-Z/CJHIkdujO/OtN7nXUii0Rf3VT5SRuhjBA82Xvu2XhBUgX3nhP67T0LHceBdQLex7OOFGTox+Q5Yg8Jk2Qivg==",
      "dev": true,
      "license": "MIT",
      "bin": {
        "prettier": "bin/prettier.cjs"
      },
      "engines": {
        "node": ">=14"
      },
      "funding": {
        "url": "https://github.com/prettier/prettier?sponsor=1"
      }
    },
    "node_modules/typescript": {
      "version": "6.0.3",
      "resolved": "https://registry.npmjs.org/typescript/-/typescript-6.0.3.tgz",
      "integrity": "sha512-y2TvuxSZPDyQakkFRPZHKFm+KKVqIisdg9/CZwm9ftvKXLP8NRWj38/ODjNbr43SsoXqNuAisEf1GdCxqWcdBw==",
      "dev": true,
      "license": "Apache-2.0",
      "bin": {
        "tsc": "bin/tsc",
        "tsserver": "bin/tsserver"
      },
      "engines": {
        "node": ">=14.17"
      }
    }
  }
}
